{
  "name": "k-typescript-compiler-tool",
  "version": "1.0.6",
  "lockfileVersion": 1,
  "requires": true,
  "dependencies": {
    "@types/lodash": {
      "version": "4.14.144",
      "resolved": "https://registry.npm.taobao.org/@types/lodash/download/@types/lodash-4.14.144.tgz",
      "integrity": "sha1-EuV/yZBkvOReWrPIvEeD/rdeq44=",
      "dev": true
    },
    "@types/node": {
      "version": "12.12.3",
      "resolved": "https://registry.npm.taobao.org/@types/node/download/@types/node-12.12.3.tgz",
      "integrity": "sha1-6/6DUHrFBrw0hjFKiqOVvmavjSM=",
      "dev": true
    },
    "graphql": {
      "version": "14.5.8",
      "resolved": "https://registry.npm.taobao.org/graphql/download/graphql-14.5.8.tgz?cache=0&sync_timestamp=1571080298744&other_urls=https%3A%2F%2Fregistry.npm.taobao.org%2Fgraphql%2Fdownload%2Fgraphql-14.5.8.tgz",
      "integrity": "sha1-UE89MRTLmgo/NZu7zzjZ5b9qazw=",
      "requires": {
        "iterall": "^1.2.2"
      }
    },
    "graphql-tag": {
      "version": "2.10.1",
      "resolved": "https://registry.npm.taobao.org/graphql-tag/download/graphql-tag-2.10.1.tgz",
      "integrity": "sha1-EKpB8c2PrlNz6vEfH2cmCjytXgI="
    },
    "iterall": {
      "version": "1.2.2",
      "resolved": "https://registry.npm.taobao.org/iterall/download/iterall-1.2.2.tgz",
      "integrity": "sha1-ktcN64Ao4MOf8xZP2/TYsIgTDNc="
    },
    "lodash": {
      "version": "4.17.15",
      "resolved": "https://registry.npm.taobao.org/lodash/download/lodash-4.17.15.tgz",
      "integrity": "sha1-tEf2ZwoEVbv+7dETku/zMOoJdUg="
    },
    "typescript": {
      "version": "3.6.4",
      "resolved": "https://registry.npm.taobao.org/typescript/download/typescript-3.6.4.tgz?cache=0&sync_timestamp=1572502626196&other_urls=https%3A%2F%2Fregistry.npm.taobao.org%2Ftypescript%2Fdownload%2Ftypescript-3.6.4.tgz",
      "integrity": "sha1-sYdSuzeSvBoCgTNff26/G7/FuR0="
    }
  }
}
